
Microsoft Visual Studio Solution File, Format Version 12.00
# Visual Studio 2012
# SharpDevelop 4.4
VisualStudioVersion = 16.0.30907.101
MinimumVisualStudioVersion = 10.0.40219.1
Project("{FAE04EC0-301F-11D3-BF4B-00C04F79EFBC}") = "ClothesShop", "ClothesShop\ClothesShop.csproj", "{A400DD0D-DD27-46E8-9DE4-CA81EF142631}"
EndProject
Global
	GlobalSection(SolutionConfigurationPlatforms) = preSolution
		Debug|Any CPU = Debug|Any CPU
		Release|Any CPU = Release|Any CPU
	EndGlobalSection
	GlobalSection(ProjectConfigurationPlatforms) = postSolution
		{A400DD0D-DD27-46E8-9DE4-CA81EF142631}.Debug|Any CPU.ActiveCfg = Debug|Any CPU
		{A400DD0D-DD27-46E8-9DE4-CA81EF142631}.Debug|Any CPU.Build.0 = Debug|Any CPU
		{A400DD0D-DD27-46E8-9DE4-CA81EF142631}.Release|Any CPU.ActiveCfg = Release|Any CPU
		{A400DD0D-DD27-46E8-9DE4-CA81EF142631}.Release|Any CPU.Build.0 = Release|Any CPU
	EndGlobalSection
	GlobalSection(SolutionProperties) = preSolution
		HideSolutionNode = FALSE
	EndGlobalSection
	GlobalSection(ExtensibilityGlobals) = postSolution
		SolutionGuid = {096E8CD2-F740-4FED-8D29-04E1A88A46EA}
	EndGlobalSection
EndGlobal
